// !$*UTF8*$!
{
	archiveVersion = 1;
	classes = {
	};
	objectVersion = 56;
	objects = {

/* Begin PBXBuildFile section */
		A4CC15472C3BD70A00A2612E /* KataCeAmelBisaApp.swift in Sources */ = {isa = PBXBuildFile; fileRef = A4CC15462C3BD70A00A2612E /* KataCeAmelBisaApp.swift */; };
		A4CC15492C3BD70A00A2612E /* ContentView.swift in Sources */ = {isa = PBXBuildFile; fileRef = A4CC15482C3BD70A00A2612E /* ContentView.swift */; };
		A4CC154B2C3BD70B00A2612E /* Assets.xcassets in Resources */ = {isa = PBXBuildFile; fileRef = A4CC154A2C3BD70B00A2612E /* Assets.xcassets */; };
		A4CC154E2C3BD70B00A2612E /* Preview Assets.xcassets in Resources */ = {isa = PBXBuildFile; fileRef = A4CC154D2C3BD70B00A2612E /* Preview Assets.xcassets */; };
		A4CC15582C3BD70B00A2612E /* KataCeAmelBisaTests.swift in Sources */ = {isa = PBXBuildFile; fileRef = A4CC15572C3BD70B00A2612E /* KataCeAmelBisaTests.swift */; };
		A4CC15622C3BD70B00A2612E /* KataCeAmelBisaUITests.swift in Sources */ = {isa = PBXBuildFile; fileRef = A4CC15612C3BD70B00A2612E /* KataCeAmelBisaUITests.swift */; };
		A4CC15642C3BD70B00A2612E /* KataCeAmelBisaUITestsLaunchTests.swift in Sources */ = {isa = PBXBuildFile; fileRef = A4CC15632C3BD70B00A2612E /* KataCeAmelBisaUITestsLaunchTests.swift */; };
		E18AFB792C3E6E38002F3C5C /* AllRecordingsView.swift in Sources */ = {isa = PBXBuildFile; fileRef = E18AFB782C3E6E38002F3C5C /* AllRecordingsView.swift */; };
/* End PBXBuildFile section */

/* Begin PBXContainerItemProxy section */
		A4CC15542C3BD70B00A2612E /* PBXContainerItemProxy */ = {
			isa = PBXContainerItemProxy;
			containerPortal = A4CC153B2C3BD70A00A2612E /* Project object */;
			proxyType = 1;
			remoteGlobalIDString = A4CC15422C3BD70A00A2612E;
			remoteInfo = KataCeAmelBisa;
		};
		A4CC155E2C3BD70B00A2612E /* PBXContainerItemProxy */ = {
			isa = PBXContainerItemProxy;
			containerPortal = A4CC153B2C3BD70A00A2612E /* Project object */;
			proxyType = 1;
			remoteGlobalIDString = A4CC15422C3BD70A00A2612E;
			remoteInfo = KataCeAmelBisa;
		};
/* End PBXContainerItemProxy section */

/* Begin PBXFileReference section */
		A4CC15432C3BD70A00A2612E /* KataCeAmelBisa.app */ = {isa = PBXFileReference; explicitFileType = wrapper.application; includeInIndex = 0; path = KataCeAmelBisa.app; sourceTree = BUILT_PRODUCTS_DIR; };
		A4CC15462C3BD70A00A2612E /* KataCeAmelBisaApp.swift */ = {isa = PBXFileReference; lastKnownFileType = sourcecode.swift; path = KataCeAmelBisaApp.swift; sourceTree = "<group>"; };
		A4CC15482C3BD70A00A2612E /* ContentView.swift */ = {isa = PBXFileReference; lastKnownFileType = sourcecode.swift; path = ContentView.swift; sourceTree = "<group>"; };
		A4CC154A2C3BD70B00A2612E /* Assets.xcassets */ = {isa = PBXFileReference; lastKnownFileType = folder.assetcatalog; path = Assets.xcassets; sourceTree = "<group>"; };
		A4CC154D2C3BD70B00A2612E /* Preview Assets.xcassets */ = {isa = PBXFileReference; lastKnownFileType = folder.assetcatalog; path = "Preview Assets.xcassets"; sourceTree = "<group>"; };
		A4CC15532C3BD70B00A2612E /* KataCeAmelBisaTests.xctest */ = {isa = PBXFileReference; explicitFileType = wrapper.cfbundle; includeInIndex = 0; path = KataCeAmelBisaTests.xctest; sourceTree = BUILT_PRODUCTS_DIR; };
		A4CC15572C3BD70B00A2612E /* KataCeAmelBisaTests.swift */ = {isa = PBXFileReference; lastKnownFileType = sourcecode.swift; path = KataCeAmelBisaTests.swift; sourceTree = "<group>"; };
		A4CC155D2C3BD70B00A2612E /* KataCeAmelBisaUITests.xctest */ = {isa = PBXFileReference; explicitFileType = wrapper.cfbundle; includeInIndex = 0; path = KataCeAmelBisaUITests.xctest; sourceTree = BUILT_PRODUCTS_DIR; };
		A4CC15612C3BD70B00A2612E /* KataCeAmelBisaUITests.swift */ = {isa = PBXFileReference; lastKnownFileType = sourcecode.swift; path = KataCeAmelBisaUITests.swift; sourceTree = "<group>"; };
		A4CC15632C3BD70B00A2612E /* KataCeAmelBisaUITestsLaunchTests.swift */ = {isa = PBXFileReference; lastKnownFileType = sourcecode.swift; path = KataCeAmelBisaUITestsLaunchTests.swift; sourceTree = "<group>"; };
		E18AFB782C3E6E38002F3C5C /* AllRecordingsView.swift */ = {isa = PBXFileReference; lastKnownFileType = sourcecode.swift; path = AllRecordingsView.swift; sourceTree = "<group>"; };
/* End PBXFileReference section */

/* Begin PBXFrameworksBuildPhase section */
		A4CC15402C3BD70A00A2612E /* Frameworks */ = {
			isa = PBXFrameworksBuildPhase;
			buildActionMask = 2147483647;
			files = (
			);
			runOnlyForDeploymentPostprocessing = 0;
		};
		A4CC15502C3BD70B00A2612E /* Frameworks */ = {
			isa = PBXFrameworksBuildPhase;
			buildActionMask = 2147483647;
			files = (
			);
			runOnlyForDeploymentPostprocessing = 0;
		};
		A4CC155A2C3BD70B00A2612E /* Frameworks */ = {
			isa = PBXFrameworksBuildPhase;
			buildActionMask = 2147483647;
			files = (
			);
			runOnlyForDeploymentPostprocessing = 0;
		};
/* End PBXFrameworksBuildPhase section */

/* Begin PBXGroup section */
		A4CC153A2C3BD70A00A2612E = {
			isa = PBXGroup;
			children = (
				A4CC15452C3BD70A00A2612E /* KataCeAmelBisa */,
				A4CC15562C3BD70B00A2612E /* KataCeAmelBisaTests */,
				A4CC15602C3BD70B00A2612E /* KataCeAmelBisaUITests */,
				A4CC15442C3BD70A00A2612E /* Products */,
			);
			sourceTree = "<group>";
		};
		A4CC15442C3BD70A00A2612E /* Products */ = {
			isa = PBXGroup;
			children = (
				A4CC15432C3BD70A00A2612E /* KataCeAmelBisa.app */,
				A4CC15532C3BD70B00A2612E /* KataCeAmelBisaTests.xctest */,
				A4CC155D2C3BD70B00A2612E /* KataCeAmelBisaUITests.xctest */,
			);
			name = Products;
			sourceTree = "<group>";
		};
		A4CC15452C3BD70A00A2612E /* KataCeAmelBisa */ = {
			isa = PBXGroup;
			children = (
				A4CC15462C3BD70A00A2612E /* KataCeAmelBisaApp.swift */,
				E18AFB782C3E6E38002F3C5C /* AllRecordingsView.swift */,
				A4CC15482C3BD70A00A2612E /* ContentView.swift */,
				A4CC154A2C3BD70B00A2612E /* Assets.xcassets */,
				A4CC154C2C3BD70B00A2612E /* Preview Content */,
			);
			path = KataCeAmelBisa;
			sourceTree = "<group>";
		};
		A4CC154C2C3BD70B00A2612E /* Preview Content */ = {
			isa = PBXGroup;
			children = (
				A4CC154D2C3BD70B00A2612E /* Preview Assets.xcassets */,
			);
			path = "Preview Content";
			sourceTree = "<group>";
		};
		A4CC15562C3BD70B00A2612E /* KataCeAmelBisaTests */ = {
			isa = PBXGroup;
			children = (
				A4CC15572C3BD70B00A2612E /* KataCeAmelBisaTests.swift */,
			);
			path = KataCeAmelBisaTests;
			sourceTree = "<group>";
		};
		A4CC15602C3BD70B00A2612E /* KataCeAmelBisaUITests */ = {
			isa = PBXGroup;
			children = (
				A4CC15612C3BD70B00A2612E /* KataCeAmelBisaUITests.swift */,
				A4CC15632C3BD70B00A2612E /* KataCeAmelBisaUITestsLaunchTests.swift */,
			);
			path = KataCeAmelBisaUITests;
			sourceTree = "<group>";
		};
/* End PBXGroup section */

/* Begin PBXNativeTarget section */
		A4CC15422C3BD70A00A2612E /* KataCeAmelBisa */ = {
			isa = PBXNativeTarget;
			buildConfigurationList = A4CC15672C3BD70B00A2612E /* Build configuration list for PBXNativeTarget "KataCeAmelBisa" */;
			buildPhases = (
				A4CC153F2C3BD70A00A2612E /* Sources */,
				A4CC15402C3BD70A00A2612E /* Frameworks */,
				A4CC15412C3BD70A00A2612E /* Resources */,
			);
			buildRules = (
			);
			dependencies = (
			);
			name = KataCeAmelBisa;
			productName = KataCeAmelBisa;
			productReference = A4CC15432C3BD70A00A2612E /* KataCeAmelBisa.app */;
			productType = "com.apple.product-type.application";
		};
		A4CC15522C3BD70B00A2612E /* KataCeAmelBisaTests */ = {
			isa = PBXNativeTarget;
			buildConfigurationList = A4CC156A2C3BD70B00A2612E /* Build configuration list for PBXNativeTarget "KataCeAmelBisaTests" */;
			buildPhases = (
				A4CC154F2C3BD70B00A2612E /* Sources */,
				A4CC15502C3BD70B00A2612E /* Frameworks */,
				A4CC15512C3BD70B00A2612E /* Resources */,
			);
			buildRules = (
			);
			dependencies = (
				A4CC15552C3BD70B00A2612E /* PBXTargetDependency */,
			);
			name = KataCeAmelBisaTests;
			productName = KataCeAmelBisaTests;
			productReference = A4CC15532C3BD70B00A2612E /* KataCeAmelBisaTests.xctest */;
			productType = "com.apple.product-type.bundle.unit-test";
		};
		A4CC155C2C3BD70B00A2612E /* KataCeAmelBisaUITests */ = {
			isa = PBXNativeTarget;
			buildConfigurationList = A4CC156D2C3BD70B00A2612E /* Build configuration list for PBXNativeTarget "KataCeAmelBisaUITests" */;
			buildPhases = (
				A4CC15592C3BD70B00A2612E /* Sources */,
				A4CC155A2C3BD70B00A2612E /* Frameworks */,
				A4CC155B2C3BD70B00A2612E /* Resources */,
			);
			buildRules = (
			);
			dependencies = (
				A4CC155F2C3BD70B00A2612E /* PBXTargetDependency */,
			);
			name = KataCeAmelBisaUITests;
			productName = KataCeAmelBisaUITests;
			productReference = A4CC155D2C3BD70B00A2612E /* KataCeAmelBisaUITests.xctest */;
			productType = "com.apple.product-type.bundle.ui-testing";
		};
/* End PBXNativeTarget section */

/* Begin PBXProject section */
		A4CC153B2C3BD70A00A2612E /* Project object */ = {
			isa = PBXProject;
			attributes = {
				BuildIndependentTargetsInParallel = 1;
				LastSwiftUpdateCheck = 1530;
				LastUpgradeCheck = 1530;
				TargetAttributes = {
					A4CC15422C3BD70A00A2612E = {
						CreatedOnToolsVersion = 15.3;
					};
					A4CC15522C3BD70B00A2612E = {
						CreatedOnToolsVersion = 15.3;
						TestTargetID = A4CC15422C3BD70A00A2612E;
					};
					A4CC155C2C3BD70B00A2612E = {
						CreatedOnToolsVersion = 15.3;
						TestTargetID = A4CC15422C3BD70A00A2612E;
					};
				};
			};
			buildConfigurationList = A4CC153E2C3BD70A00A2612E /* Build configuration list for PBXProject "KataCeAmelBisa" */;
			compatibilityVersion = "Xcode 14.0";
			developmentRegion = en;
			hasScannedForEncodings = 0;
			knownRegions = (
				en,
				Base,
			);
			mainGroup = A4CC153A2C3BD70A00A2612E;
			productRefGroup = A4CC15442C3BD70A00A2612E /* Products */;
			projectDirPath = "";
			projectRoot = "";
			targets = (
				A4CC15422C3BD70A00A2612E /* KataCeAmelBisa */,
				A4CC15522C3BD70B00A2612E /* KataCeAmelBisaTests */,
				A4CC155C2C3BD70B00A2612E /* KataCeAmelBisaUITests */,
			);
		};
/* End PBXProject section */

/* Begin PBXResourcesBuildPhase section */
		A4CC15412C3BD70A00A2612E /* Resources */ = {
			isa = PBXResourcesBuildPhase;
			buildActionMask = 2147483647;
			files = (
				A4CC154E2C3BD70B00A2612E /* Preview Assets.xcassets in Resources */,
				A4CC154B2C3BD70B00A2612E /* Assets.xcassets in Resources */,
			);
			runOnlyForDeploymentPostprocessing = 0;
		};
		A4CC15512C3BD70B00A2612E /* Resources */ = {
			isa = PBXResourcesBuildPhase;
			buildActionMask = 2147483647;
			files = (
			);
			runOnlyForDeploymentPostprocessing = 0;
		};
		A4CC155B2C3BD70B00A2612E /* Resources */ = {
			isa = PBXResourcesBuildPhase;
			buildActionMask = 2147483647;
			files = (
			);
			runOnlyForDeploymentPostprocessing = 0;
		};
/* End PBXResourcesBuildPhase section */

/* Begin PBXSourcesBuildPhase section */
		A4CC153F2C3BD70A00A2612E /* Sources */ = {
			isa = PBXSourcesBuildPhase;
			buildActionMask = 2147483647;
			files = (
				E18AFB792C3E6E38002F3C5C /* AllRecordingsView.swift in Sources */,
				A4CC15492C3BD70A00A2612E /* ContentView.swift in Sources */,
				A4CC15472C3BD70A00A2612E /* KataCeAmelBisaApp.swift in Sources */,
			);
			runOnlyForDeploymentPostprocessing = 0;
		};
		A4CC154F2C3BD70B00A2612E /* Sources */ = {
			isa = PBXSourcesBuildPhase;
			buildActionMask = 2147483647;
			files = (
				A4CC15582C3BD70B00A2612E /* KataCeAmelBisaTests.swift in Sources */,
			);
			runOnlyForDeploymentPostprocessing = 0;
		};
		A4CC15592C3BD70B00A2612E /* Sources */ = {
			isa = PBXSourcesBuildPhase;
			buildActionMask = 2147483647;
			files = (
				A4CC15622C3BD70B00A2612E /* KataCeAmelBisaUITests.swift in Sources */,
				A4CC15642C3BD70B00A2612E /* KataCeAmelBisaUITestsLaunchTests.swift in Sources */,
			);
			runOnlyForDeploymentPostprocessing = 0;
		};
/* End PBXSourcesBuildPhase section */

/* Begin PBXTargetDependency section */
		A4CC15552C3BD70B00A2612E /* PBXTargetDependency */ = {
			isa = PBXTargetDependency;
			target = A4CC15422C3BD70A00A2612E /* KataCeAmelBisa */;
			targetProxy = A4CC15542C3BD70B00A2612E /* PBXContainerItemProxy */;
		};
		A4CC155F2C3BD70B00A2612E /* PBXTargetDependency */ = {
			isa = PBXTargetDependency;
			target = A4CC15422C3BD70A00A2612E /* KataCeAmelBisa */;
			targetProxy = A4CC155E2C3BD70B00A2612E /* PBXContainerItemProxy */;
		};
/* End PBXTargetDependency section */

/* Begin XCBuildConfiguration section */
		A4CC15652C3BD70B00A2612E /* Debug */ = {
			isa = XCBuildConfiguration;
			buildSettings = {
				ALWAYS_SEARCH_USER_PATHS = NO;
				ASSETCATALOG_COMPILER_GENERATE_SWIFT_ASSET_SYMBOL_EXTENSIONS = YES;
				CLANG_ANALYZER_NONNULL = YES;
				CLANG_ANALYZER_NUMBER_OBJECT_CONVERSION = YES_AGGRESSIVE;
				CLANG_CXX_LANGUAGE_STANDARD = "gnu++20";
				CLANG_ENABLE_MODULES = YES;
				CLANG_ENABLE_OBJC_ARC = YES;
				CLANG_ENABLE_OBJC_WEAK = YES;
				CLANG_WARN_BLOCK_CAPTURE_AUTORELEASING = YES;
				CLANG_WARN_BOOL_CONVERSION = YES;
				CLANG_WARN_COMMA = YES;
				CLANG_WARN_CONSTANT_CONVERSION = YES;
				CLANG_WARN_DEPRECATED_OBJC_IMPLEMENTATIONS = YES;
				CLANG_WARN_DIRECT_OBJC_ISA_USAGE = YES_ERROR;
				CLANG_WARN_DOCUMENTATION_COMMENTS = YES;
				CLANG_WARN_EMPTY_BODY = YES;
				CLANG_WARN_ENUM_CONVERSION = YES;
				CLANG_WARN_INFINITE_RECURSION = YES;
				CLANG_WARN_INT_CONVERSION = YES;
				CLANG_WARN_NON_LITERAL_NULL_CONVERSION = YES;
				CLANG_WARN_OBJC_IMPLICIT_RETAIN_SELF = YES;
				CLANG_WARN_OBJC_LITERAL_CONVERSION = YES;
				CLANG_WARN_OBJC_ROOT_CLASS = YES_ERROR;
				CLANG_WARN_QUOTED_INCLUDE_IN_FRAMEWORK_HEADER = YES;
				CLANG_WARN_RANGE_LOOP_ANALYSIS = YES;
				CLANG_WARN_STRICT_PROTOTYPES = YES;
				CLANG_WARN_SUSPICIOUS_MOVE = YES;
				CLANG_WARN_UNGUARDED_AVAILABILITY = YES_AGGRESSIVE;
				CLANG_WARN_UNREACHABLE_CODE = YES;
				CLANG_WARN__DUPLICATE_METHOD_MATCH = YES;
				COPY_PHASE_STRIP = NO;
				DEBUG_INFORMATION_FORMAT = dwarf;
				ENABLE_STRICT_OBJC_MSGSEND = YES;
				ENABLE_TESTABILITY = YES;
				ENABLE_USER_SCRIPT_SANDBOXING = YES;
				GCC_C_LANGUAGE_STANDARD = gnu17;
				GCC_DYNAMIC_NO_PIC = NO;
				GCC_NO_COMMON_BLOCKS = YES;
				GCC_OPTIMIZATION_LEVEL = 0;
				GCC_PREPROCESSOR_DEFINITIONS = (
					"DEBUG=1",
					"$(inherited)",
				);
				GCC_WARN_64_TO_32_BIT_CONVERSION = YES;
				GCC_WARN_ABOUT_RETURN_TYPE = YES_ERROR;
				GCC_WARN_UNDECLARED_SELECTOR = YES;
				GCC_WARN_UNINITIALIZED_AUTOS = YES_AGGRESSIVE;
				GCC_WARN_UNUSED_FUNCTION = YES;
				GCC_WARN_UNUSED_VARIABLE = YES;
				IPHONEOS_DEPLOYMENT_TARGET = 17.4;
				LOCALIZATION_PREFERS_STRING_CATALOGS = YES;
				MTL_ENABLE_DEBUG_INFO = INCLUDE_SOURCE;
				MTL_FAST_MATH = YES;
				ONLY_ACTIVE_ARCH = YES;
				SDKROOT = iphoneos;
				SWIFT_ACTIVE_COMPILATION_CONDITIONS = "DEBUG $(inherited)";
				SWIFT_OPTIMIZATION_LEVEL = "-Onone";
			};
			name = Debug;
		};
		A4CC15662C3BD70B00A2612E /* Release */ = {
			isa = XCBuildConfiguration;
			buildSettings = {
				ALWAYS_SEARCH_USER_PATHS = NO;
				ASSETCATALOG_COMPILER_GENERATE_SWIFT_ASSET_SYMBOL_EXTENSIONS = YES;
				CLANG_ANALYZER_NONNULL = YES;
				CLANG_ANALYZER_NUMBER_OBJECT_CONVERSION = YES_AGGRESSIVE;
				CLANG_CXX_LANGUAGE_STANDARD = "gnu++20";
				CLANG_ENABLE_MODULES = YES;
				CLANG_ENABLE_OBJC_ARC = YES;
				CLANG_ENABLE_OBJC_WEAK = YES;
				CLANG_WARN_BLOCK_CAPTURE_AUTORELEASING = YES;
				CLANG_WARN_BOOL_CONVERSION = YES;
				CLANG_WARN_COMMA = YES;
				CLANG_WARN_CONSTANT_CONVERSION = YES;
				CLANG_WARN_DEPRECATED_OBJC_IMPLEMENTATIONS = YES;
				CLANG_WARN_DIRECT_OBJC_ISA_USAGE = YES_ERROR;
				CLANG_WARN_DOCUMENTATION_COMMENTS = YES;
				CLANG_WARN_EMPTY_BODY = YES;
				CLANG_WARN_ENUM_CONVERSION = YES;
				CLANG_WARN_INFINITE_RECURSION = YES;
				CLANG_WARN_INT_CONVERSION = YES;
				CLANG_WARN_NON_LITERAL_NULL_CONVERSION = YES;
				CLANG_WARN_OBJC_IMPLICIT_RETAIN_SELF = YES;
				CLANG_WARN_OBJC_LITERAL_CONVERSION = YES;
				CLANG_WARN_OBJC_ROOT_CLASS = YES_ERROR;
				CLANG_WARN_QUOTED_INCLUDE_IN_FRAMEWORK_HEADER = YES;
				CLANG_WARN_RANGE_LOOP_ANALYSIS = YES;
				CLANG_WARN_STRICT_PROTOTYPES = YES;
				CLANG_WARN_SUSPICIOUS_MOVE = YES;
				CLANG_WARN_UNGUARDED_AVAILABILITY = YES_AGGRESSIVE;
				CLANG_WARN_UNREACHABLE_CODE = YES;
				CLANG_WARN__DUPLICATE_METHOD_MATCH = YES;
				COPY_PHASE_STRIP = NO;
				DEBUG_INFORMATION_FORMAT = "dwarf-with-dsym";
				ENABLE_NS_ASSERTIONS = NO;
				ENABLE_STRICT_OBJC_MSGSEND = YES;
				ENABLE_USER_SCRIPT_SANDBOXING = YES;
				GCC_C_LANGUAGE_STANDARD = gnu17;
				GCC_NO_COMMON_BLOCKS = YES;
				GCC_WARN_64_TO_32_BIT_CONVERSION = YES;
				GCC_WARN_ABOUT_RETURN_TYPE = YES_ERROR;
				GCC_WARN_UNDECLARED_SELECTOR = YES;
				GCC_WARN_UNINITIALIZED_AUTOS = YES_AGGRESSIVE;
				GCC_WARN_UNUSED_FUNCTION = YES;
				GCC_WARN_UNUSED_VARIABLE = YES;
				IPHONEOS_DEPLOYMENT_TARGET = 17.4;
				LOCALIZATION_PREFERS_STRING_CATALOGS = YES;
				MTL_ENABLE_DEBUG_INFO = NO;
				MTL_FAST_MATH = YES;
				SDKROOT = iphoneos;
				SWIFT_COMPILATION_MODE = wholemodule;
				VALIDATE_PRODUCT = YES;
			};
			name = Release;
		};
		A4CC15682C3BD70B00A2612E /* Debug */ = {
			isa = XCBuildConfiguration;
			buildSettings = {
				ASSETCATALOG_COMPILER_APPICON_NAME = AppIcon;
				ASSETCATALOG_COMPILER_GLOBAL_ACCENT_COLOR_NAME = AccentColor;
				CODE_SIGN_STYLE = Automatic;
				CURRENT_PROJECT_VERSION = 1;
				DEVELOPMENT_ASSET_PATHS = "\"KataCeAmelBisa/Preview Content\"";
				DEVELOPMENT_TEAM = PV62VMPQYM;
				ENABLE_PREVIEWS = YES;
				GENERATE_INFOPLIST_FILE = YES;
				INFOPLIST_KEY_NSMicrophoneUsageDescription = "Microphone Access";
				INFOPLIST_KEY_NSSpeechRecognitionUsageDescription = "Speech Access";
				INFOPLIST_KEY_UIApplicationSceneManifest_Generation = YES;
				INFOPLIST_KEY_UIApplicationSupportsIndirectInputEvents = YES;
				INFOPLIST_KEY_UILaunchScreen_Generation = YES;
				INFOPLIST_KEY_UISupportedInterfaceOrientations_iPad = "UIInterfaceOrientationPortrait UIInterfaceOrientationPortraitUpsideDown UIInterfaceOrientationLandscapeLeft UIInterfaceOrientationLandscapeRight";
				INFOPLIST_KEY_UISupportedInterfaceOrientations_iPhone = "UIInterfaceOrientationPortrait UIInterfaceOrientationLandscapeLeft UIInterfaceOrientationLandscapeRight";
				LD_RUNPATH_SEARCH_PATHS = (
					"$(inherited)",
					"@executable_path/Frameworks",
				);
				MARKETING_VERSION = 1.0;
				PRODUCT_BUNDLE_IDENTIFIER = com.KataCeAmelBisa;
				PRODUCT_NAME = "$(TARGET_NAME)";
				SWIFT_EMIT_LOC_STRINGS = YES;
				SWIFT_VERSION = 5.0;
				TARGETED_DEVICE_FAMILY = "1,2";
			};
			name = Debug;
		};
		A4CC15692C3BD70B00A2612E /* Release */ = {
			isa = XCBuildConfiguration;
			buildSettings = {
				ASSETCATALOG_COMPILER_APPICON_NAME = AppIcon;
				ASSETCATALOG_COMPILER_GLOBAL_ACCENT_COLOR_NAME = AccentColor;
				CODE_SIGN_STYLE = Automatic;
				CURRENT_PROJECT_VERSION = 1;
				DEVELOPMENT_ASSET_PATHS = "\"KataCeAmelBisa/Preview Content\"";
				DEVELOPMENT_TEAM = PV62VMPQYM;
				ENABLE_PREVIEWS = YES;
				GENERATE_INFOPLIST_FILE = YES;
				INFOPLIST_KEY_NSMicrophoneUsageDescription = "Microphone Access";
				INFOPLIST_KEY_NSSpeechRecognitionUsageDescription = "Speech Access";
				INFOPLIST_KEY_UIApplicationSceneManifest_Generation = YES;
				INFOPLIST_KEY_UIApplicationSupportsIndirectInputEvents = YES;
				INFOPLIST_KEY_UILaunchScreen_Generation = YES;
				INFOPLIST_KEY_UISupportedInterfaceOrientations_iPad = "UIInterfaceOrientationPortrait UIInterfaceOrientationPortraitUpsideDown UIInterfaceOrientationLandscapeLeft UIInterfaceOrientationLandscapeRight";
				INFOPLIST_KEY_UISupportedInterfaceOrientations_iPhone = "UIInterfaceOrientationPortrait UIInterfaceOrientationLandscapeLeft UIInterfaceOrientationLandscapeRight";
				LD_RUNPATH_SEARCH_PATHS = (
					"$(inherited)",
					"@executable_path/Frameworks",
				);
				MARKETING_VERSION = 1.0;
				PRODUCT_BUNDLE_IDENTIFIER = com.KataCeAmelBisa;
				PRODUCT_NAME = "$(TARGET_NAME)";
				SWIFT_EMIT_LOC_STRINGS = YES;
				SWIFT_VERSION = 5.0;
				TARGETED_DEVICE_FAMILY = "1,2";
			};
			name = Release;
		};
		A4CC156B2C3BD70B00A2612E /* Debug */ = {
			isa = XCBuildConfiguration;
			buildSettings = {
				ALWAYS_EMBED_SWIFT_STANDARD_LIBRARIES = YES;
				BUNDLE_LOADER = "$(TEST_HOST)";
				CODE_SIGN_STYLE = Automatic;
				CURRENT_PROJECT_VERSION = 1;
				DEVELOPMENT_TEAM = Y834K368F4;
				GENERATE_INFOPLIST_FILE = YES;
				IPHONEOS_DEPLOYMENT_TARGET = 17.4;
				MARKETING_VERSION = 1.0;
				PRODUCT_BUNDLE_IDENTIFIER = com.KataCeAmelBisaTests;
				PRODUCT_NAME = "$(TARGET_NAME)";
				SWIFT_EMIT_LOC_STRINGS = NO;
				SWIFT_VERSION = 5.0;
				TARGETED_DEVICE_FAMILY = "1,2";
				TEST_HOST = "$(BUILT_PRODUCTS_DIR)/KataCeAmelBisa.app/$(BUNDLE_EXECUTABLE_FOLDER_PATH)/KataCeAmelBisa";
			};
			name = Debug;
		};
		A4CC156C2C3BD70B00A2612E /* Release */ = {
			isa = XCBuildConfiguration;
			buildSettings = {
				ALWAYS_EMBED_SWIFT_STANDARD_LIBRARIES = YES;
				BUNDLE_LOADER = "$(TEST_HOST)";
				CODE_SIGN_STYLE = Automatic;
				CURRENT_PROJECT_VERSION = 1;
				DEVELOPMENT_TEAM = Y834K368F4;
				GENERATE_INFOPLIST_FILE = YES;
				IPHONEOS_DEPLOYMENT_TARGET = 17.4;
				MARKETING_VERSION = 1.0;
				PRODUCT_BUNDLE_IDENTIFIER = com.KataCeAmelBisaTests;
				PRODUCT_NAME = "$(TARGET_NAME)";
				SWIFT_EMIT_LOC_STRINGS = NO;
				SWIFT_VERSION = 5.0;
				TARGETED_DEVICE_FAMILY = "1,2";
				TEST_HOST = "$(BUILT_PRODUCTS_DIR)/KataCeAmelBisa.app/$(BUNDLE_EXECUTABLE_FOLDER_PATH)/KataCeAmelBisa";
			};
			name = Release;
		};
		A4CC156E2C3BD70B00A2612E /* Debug */ = {
			isa = XCBuildConfiguration;
			buildSettings = {
				ALWAYS_EMBED_SWIFT_STANDARD_LIBRARIES = YES;
				CODE_SIGN_STYLE = Automatic;
				CURRENT_PROJECT_VERSION = 1;
				DEVELOPMENT_TEAM = Y834K368F4;
				GENERATE_INFOPLIST_FILE = YES;
				MARKETING_VERSION = 1.0;
				PRODUCT_BUNDLE_IDENTIFIER = com.KataCeAmelBisaUITests;
				PRODUCT_NAME = "$(TARGET_NAME)";
				SWIFT_EMIT_LOC_STRINGS = NO;
				SWIFT_VERSION = 5.0;
				TARGETED_DEVICE_FAMILY = "1,2";
				TEST_TARGET_NAME = KataCeAmelBisa;
			};
			name = Debug;
		};
		A4CC156F2C3BD70B00A2612E /* Release */ = {
			isa = XCBuildConfiguration;
			buildSettings = {
				ALWAYS_EMBED_SWIFT_STANDARD_LIBRARIES = YES;
				CODE_SIGN_STYLE = Automatic;
				CURRENT_PROJECT_VERSION = 1;
				DEVELOPMENT_TEAM = Y834K368F4;
				GENERATE_INFOPLIST_FILE = YES;
				MARKETING_VERSION = 1.0;
				PRODUCT_BUNDLE_IDENTIFIER = com.KataCeAmelBisaUITests;
				PRODUCT_NAME = "$(TARGET_NAME)";
				SWIFT_EMIT_LOC_STRINGS = NO;
				SWIFT_VERSION = 5.0;
				TARGETED_DEVICE_FAMILY = "1,2";
				TEST_TARGET_NAME = KataCeAmelBisa;
			};
			name = Release;
		};
/* End XCBuildConfiguration section */

/* Begin XCConfigurationList section */
		A4CC153E2C3BD70A00A2612E /* Build configuration list for PBXProject "KataCeAmelBisa" */ = {
			isa = XCConfigurationList;
			buildConfigurations = (
				A4CC15652C3BD70B00A2612E /* Debug */,
				A4CC15662C3BD70B00A2612E /* Release */,
			);
			defaultConfigurationIsVisible = 0;
			defaultConfigurationName = Release;
		};
		A4CC15672C3BD70B00A2612E /* Build configuration list for PBXNativeTarget "KataCeAmelBisa" */ = {
			isa = XCConfigurationList;
			buildConfigurations = (
				A4CC15682C3BD70B00A2612E /* Debug */,
				A4CC15692C3BD70B00A2612E /* Release */,
			);
			defaultConfigurationIsVisible = 0;
			defaultConfigurationName = Release;
		};
		A4CC156A2C3BD70B00A2612E /* Build configuration list for PBXNativeTarget "KataCeAmelBisaTests" */ = {
			isa = XCConfigurationList;
			buildConfigurations = (
				A4CC156B2C3BD70B00A2612E /* Debug */,
				A4CC156C2C3BD70B00A2612E /* Release */,
			);
			defaultConfigurationIsVisible = 0;
			defaultConfigurationName = Release;
		};
		A4CC156D2C3BD70B00A2612E /* Build configuration list for PBXNativeTarget "KataCeAmelBisaUITests" */ = {
			isa = XCConfigurationList;
			buildConfigurations = (
				A4CC156E2C3BD70B00A2612E /* Debug */,
				A4CC156F2C3BD70B00A2612E /* Release */,
			);
			defaultConfigurationIsVisible = 0;
			defaultConfigurationName = Release;
		};
/* End XCConfigurationList section */
	};
	rootObject = A4CC153B2C3BD70A00A2612E /* Project object */;
}
